
Microsoft Visual Studio Solution File, Format Version 12.00
# Visual Studio Version 17
VisualStudioVersion = 17.7.34221.43
MinimumVisualStudioVersion = 10.0.40219.1
Project("{2150E333-8FDC-42A3-9474-1A3956D46DE8}") = "Solution Items", "Solution Items", "{3F67A299-DFB6-4837-BCE8-5CF06EB696AB}"
	ProjectSection(SolutionItems) = preProject
		Directory.Build.props = Directory.Build.props
		Directory.Build.targets = Directory.Build.targets
		Directory.Packages.props = Directory.Packages.props
		global.json = global.json
		nuget.props = nuget.props
	EndProjectSection
EndProject
Project("{FAE04EC0-301F-11D3-BF4B-00C04F79EFBC}") = "HorusStudio.Maui.MaterialDesignControls.Sample", "samples\HorusStudio.Maui.MaterialDesignControls.Sample\HorusStudio.Maui.MaterialDesignControls.Sample.csproj", "{A048B013-1A15-45A0-8175-62703F0D7B74}"
EndProject
Project("{9A19103F-16F7-4668-BE54-9A1E7A4F7556}") = "HorusStudio.Maui.MaterialDesignControls", "src\HorusStudio.Maui.MaterialDesignControls\HorusStudio.Maui.MaterialDesignControls.csproj", "{DE16B804-FCC3-4132-8E64-56E61CE5FF99}"
EndProject
Project("{FAE04EC0-301F-11D3-BF4B-00C04F79EFBC}") = "HorusStudio.Maui.MaterialDesignControls.UITests.Shared", "uitests\HorusStudio.Maui.MaterialDesignControls.UITests.Shared\HorusStudio.Maui.MaterialDesignControls.UITests.Shared.csproj", "{195A74C4-6A23-4EC3-AFBF-E790E884D62A}"
EndProject
Project("{FAE04EC0-301F-11D3-BF4B-00C04F79EFBC}") = "HorusStudio.Maui.MaterialDesignControls.UITests.Android", "uitests\HorusStudio.Maui.MaterialDesignControls.UITests.Android\HorusStudio.Maui.MaterialDesignControls.UITests.Android.csproj", "{FE72E602-30BF-4BAD-AB15-DCE4E40AA2D5}"
EndProject
Global
	GlobalSection(SolutionConfigurationPlatforms) = preSolution
		Debug|Any CPU = Debug|Any CPU
		Release|Any CPU = Release|Any CPU
	EndGlobalSection
	GlobalSection(ProjectConfigurationPlatforms) = postSolution
		{A048B013-1A15-45A0-8175-62703F0D7B74}.Debug|Any CPU.ActiveCfg = Debug|Any CPU
		{A048B013-1A15-45A0-8175-62703F0D7B74}.Debug|Any CPU.Build.0 = Debug|Any CPU
		{A048B013-1A15-45A0-8175-62703F0D7B74}.Debug|Any CPU.Deploy.0 = Debug|Any CPU
		{A048B013-1A15-45A0-8175-62703F0D7B74}.Release|Any CPU.ActiveCfg = Release|Any CPU
		{A048B013-1A15-45A0-8175-62703F0D7B74}.Release|Any CPU.Build.0 = Release|Any CPU
		{A048B013-1A15-45A0-8175-62703F0D7B74}.Release|Any CPU.Deploy.0 = Release|Any CPU
		{DE16B804-FCC3-4132-8E64-56E61CE5FF99}.Debug|Any CPU.ActiveCfg = Debug|Any CPU
		{DE16B804-FCC3-4132-8E64-56E61CE5FF99}.Debug|Any CPU.Build.0 = Debug|Any CPU
		{DE16B804-FCC3-4132-8E64-56E61CE5FF99}.Release|Any CPU.ActiveCfg = Release|Any CPU
		{DE16B804-FCC3-4132-8E64-56E61CE5FF99}.Release|Any CPU.Build.0 = Release|Any CPU
		{195A74C4-6A23-4EC3-AFBF-E790E884D62A}.Debug|Any CPU.ActiveCfg = Debug|Any CPU
		{195A74C4-6A23-4EC3-AFBF-E790E884D62A}.Debug|Any CPU.Build.0 = Debug|Any CPU
		{195A74C4-6A23-4EC3-AFBF-E790E884D62A}.Release|Any CPU.ActiveCfg = Release|Any CPU
		{195A74C4-6A23-4EC3-AFBF-E790E884D62A}.Release|Any CPU.Build.0 = Release|Any CPU
		{FE72E602-30BF-4BAD-AB15-DCE4E40AA2D5}.Debug|Any CPU.ActiveCfg = Debug|Any CPU
		{FE72E602-30BF-4BAD-AB15-DCE4E40AA2D5}.Debug|Any CPU.Build.0 = Debug|Any CPU
		{FE72E602-30BF-4BAD-AB15-DCE4E40AA2D5}.Release|Any CPU.ActiveCfg = Release|Any CPU
		{FE72E602-30BF-4BAD-AB15-DCE4E40AA2D5}.Release|Any CPU.Build.0 = Release|Any CPU
	EndGlobalSection
	GlobalSection(SolutionProperties) = preSolution
		HideSolutionNode = FALSE
	EndGlobalSection
	GlobalSection(ExtensibilityGlobals) = postSolution
		SolutionGuid = {9B7F5BFB-428C-41C7-B31D-E25B061F03E3}
	EndGlobalSection
EndGlobal
